
Microsoft Visual Studio Solution File, Format Version 12.00
# Visual Studio 2013
VisualStudioVersion = 12.0.21005.1
MinimumVisualStudioVersion = 10.0.40219.1
Project("{FAE04EC0-301F-11D3-BF4B-00C04F79EFBC}") = "NewProject 1", "NewProject 1\NewProject 1.csproj", "{D5192412-79AC-411A-85A6-BD46521BCC4A}"
EndProject
Global
	GlobalSection(SolutionConfigurationPlatforms) = preSolution
		Debug|Any CPU = Debug|Any CPU
		Release|Any CPU = Release|Any CPU
	EndGlobalSection
	GlobalSection(ProjectConfigurationPlatforms) = postSolution
		{D5192412-79AC-411A-85A6-BD46521BCC4A}.Debug|Any CPU.ActiveCfg = Debug|Any CPU
		{D5192412-79AC-411A-85A6-BD46521BCC4A}.Debug|Any CPU.Build.0 = Debug|Any CPU
		{D5192412-79AC-411A-85A6-BD46521BCC4A}.Release|Any CPU.ActiveCfg = Release|Any CPU
		{D5192412-79AC-411A-85A6-BD46521BCC4A}.Release|Any CPU.Build.0 = Release|Any CPU
	EndGlobalSection
	GlobalSection(SolutionProperties) = preSolution
		HideSolutionNode = FALSE
	EndGlobalSection
EndGlobal
